// !$*UTF8*$!
{
	archiveVersion = 1;
	classes = {
	};
	objectVersion = 46;
	objects = {

/* Begin PBXBuildFile section */
		61A172691CD6A82B005CF9BF /* AppDelegate.swift in Sources */ = {isa = PBXBuildFile; fileRef = 61A172681CD6A82B005CF9BF /* AppDelegate.swift */; };
		61A1726B1CD6A82B005CF9BF /* ProyectosViewController.swift in Sources */ = {isa = PBXBuildFile; fileRef = 61A1726A1CD6A82B005CF9BF /* ProyectosViewController.swift */; };
		61A1726E1CD6A82B005CF9BF /* Main.storyboard in Resources */ = {isa = PBXBuildFile; fileRef = 61A1726C1CD6A82B005CF9BF /* Main.storyboard */; };
		61A172701CD6A82B005CF9BF /* Assets.xcassets in Resources */ = {isa = PBXBuildFile; fileRef = 61A1726F1CD6A82B005CF9BF /* Assets.xcassets */; };
		61A172731CD6A82B005CF9BF /* LaunchScreen.storyboard in Resources */ = {isa = PBXBuildFile; fileRef = 61A172711CD6A82B005CF9BF /* LaunchScreen.storyboard */; };
		61A1727C1CD6B002005CF9BF /* ProyectoTableViewCell.swift in Sources */ = {isa = PBXBuildFile; fileRef = 61A1727B1CD6B002005CF9BF /* ProyectoTableViewCell.swift */; };
		61A1727E1CD6B4C7005CF9BF /* DescripcionViewController.swift in Sources */ = {isa = PBXBuildFile; fileRef = 61A1727D1CD6B4C7005CF9BF /* DescripcionViewController.swift */; };
/* End PBXBuildFile section */

/* Begin PBXFileReference section */
		61A172651CD6A82B005CF9BF /* Coperando.app */ = {isa = PBXFileReference; explicitFileType = wrapper.application; includeInIndex = 0; path = Coperando.app; sourceTree = BUILT_PRODUCTS_DIR; };
		61A172681CD6A82B005CF9BF /* AppDelegate.swift */ = {isa = PBXFileReference; lastKnownFileType = sourcecode.swift; path = AppDelegate.swift; sourceTree = "<group>"; };
		61A1726A1CD6A82B005CF9BF /* ProyectosViewController.swift */ = {isa = PBXFileReference; lastKnownFileType = sourcecode.swift; path = ProyectosViewController.swift; sourceTree = "<group>"; };
		61A1726D1CD6A82B005CF9BF /* Base */ = {isa = PBXFileReference; lastKnownFileType = file.storyboard; name = Base; path = Base.lproj/Main.storyboard; sourceTree = "<group>"; };
		61A1726F1CD6A82B005CF9BF /* Assets.xcassets */ = {isa = PBXFileReference; lastKnownFileType = folder.assetcatalog; path = Assets.xcassets; sourceTree = "<group>"; };
		61A172721CD6A82B005CF9BF /* Base */ = {isa = PBXFileReference; lastKnownFileType = file.storyboard; name = Base; path = Base.lproj/LaunchScreen.storyboard; sourceTree = "<group>"; };
		61A172741CD6A82B005CF9BF /* Info.plist */ = {isa = PBXFileReference; lastKnownFileType = text.plist.xml; path = Info.plist; sourceTree = "<group>"; };
		61A1727B1CD6B002005CF9BF /* ProyectoTableViewCell.swift */ = {isa = PBXFileReference; fileEncoding = 4; lastKnownFileType = sourcecode.swift; path = ProyectoTableViewCell.swift; sourceTree = "<group>"; };
		61A1727D1CD6B4C7005CF9BF /* DescripcionViewController.swift */ = {isa = PBXFileReference; fileEncoding = 4; lastKnownFileType = sourcecode.swift; path = DescripcionViewController.swift; sourceTree = "<group>"; };
/* End PBXFileReference section */

/* Begin PBXFrameworksBuildPhase section */
		61A172621CD6A82B005CF9BF /* Frameworks */ = {
			isa = PBXFrameworksBuildPhase;
			buildActionMask = 2147483647;
			files = (
			);
			runOnlyForDeploymentPostprocessing = 0;
		};
/* End PBXFrameworksBuildPhase section */

/* Begin PBXGroup section */
		61A1725C1CD6A82B005CF9BF = {
			isa = PBXGroup;
			children = (
				61A172671CD6A82B005CF9BF /* Coperando */,
				61A172661CD6A82B005CF9BF /* Products */,
			);
			sourceTree = "<group>";
		};
		61A172661CD6A82B005CF9BF /* Products */ = {
			isa = PBXGroup;
			children = (
				61A172651CD6A82B005CF9BF /* Coperando.app */,
			);
			name = Products;
			sourceTree = "<group>";
		};
		61A172671CD6A82B005CF9BF /* Coperando */ = {
			isa = PBXGroup;
			children = (
				61A1726C1CD6A82B005CF9BF /* Main.storyboard */,
				61A1726A1CD6A82B005CF9BF /* ProyectosViewController.swift */,
				61A1727B1CD6B002005CF9BF /* ProyectoTableViewCell.swift */,
				61A1727D1CD6B4C7005CF9BF /* DescripcionViewController.swift */,
				61A1727A1CD6AC91005CF9BF /* Otro */,
			);
			path = Coperando;
			sourceTree = "<group>";
		};
		61A1727A1CD6AC91005CF9BF /* Otro */ = {
			isa = PBXGroup;
			children = (
				61A172681CD6A82B005CF9BF /* AppDelegate.swift */,
				61A1726F1CD6A82B005CF9BF /* Assets.xcassets */,
				61A172711CD6A82B005CF9BF /* LaunchScreen.storyboard */,
				61A172741CD6A82B005CF9BF /* Info.plist */,
			);
			name = Otro;
			sourceTree = "<group>";
		};
/* End PBXGroup section */

/* Begin PBXNativeTarget section */
		61A172641CD6A82B005CF9BF /* Coperando */ = {
			isa = PBXNativeTarget;
			buildConfigurationList = 61A172771CD6A82B005CF9BF /* Build configuration list for PBXNativeTarget "Coperando" */;
			buildPhases = (
				61A172611CD6A82B005CF9BF /* Sources */,
				61A172621CD6A82B005CF9BF /* Frameworks */,
				61A172631CD6A82B005CF9BF /* Resources */,
			);
			buildRules = (
			);
			dependencies = (
			);
			name = Coperando;
			productName = Coperando;
			productReference = 61A172651CD6A82B005CF9BF /* Coperando.app */;
			productType = "com.apple.product-type.application";
		};
/* End PBXNativeTarget section */

/* Begin PBXProject section */
		61A1725D1CD6A82B005CF9BF /* Project object */ = {
			isa = PBXProject;
			attributes = {
				LastSwiftUpdateCheck = 0730;
				LastUpgradeCheck = 0730;
				ORGANIZATIONNAME = guitarrkurt;
				TargetAttributes = {
					61A172641CD6A82B005CF9BF = {
						CreatedOnToolsVersion = 7.3;
					};
				};
			};
			buildConfigurationList = 61A172601CD6A82B005CF9BF /* Build configuration list for PBXProject "Coperando" */;
			compatibilityVersion = "Xcode 3.2";
			developmentRegion = English;
			hasScannedForEncodings = 0;
			knownRegions = (
				en,
				Base,
			);
			mainGroup = 61A1725C1CD6A82B005CF9BF;
			productRefGroup = 61A172661CD6A82B005CF9BF /* Products */;
			projectDirPath = "";
			projectRoot = "";
			targets = (
				61A172641CD6A82B005CF9BF /* Coperando */,
			);
		};
/* End PBXProject section */

/* Begin PBXResourcesBuildPhase section */
		61A172631CD6A82B005CF9BF /* Resources */ = {
			isa = PBXResourcesBuildPhase;
			buildActionMask = 2147483647;
			files = (
				61A172731CD6A82B005CF9BF /* LaunchScreen.storyboard in Resources */,
				61A172701CD6A82B005CF9BF /* Assets.xcassets in Resources */,
				61A1726E1CD6A82B005CF9BF /* Main.storyboard in Resources */,
			);
			runOnlyForDeploymentPostprocessing = 0;
		};
/* End PBXResourcesBuildPhase section */

/* Begin PBXSourcesBuildPhase section */
		61A172611CD6A82B005CF9BF /* Sources */ = {
			isa = PBXSourcesBuildPhase;
			buildActionMask = 2147483647;
			files = (
				61A1727E1CD6B4C7005CF9BF /* DescripcionViewController.swift in Sources */,
				61A1727C1CD6B002005CF9BF /* ProyectoTableViewCell.swift in Sources */,
				61A1726B1CD6A82B005CF9BF /* ProyectosViewController.swift in Sources */,
				61A172691CD6A82B005CF9BF /* AppDelegate.swift in Sources */,
			);
			runOnlyForDeploymentPostprocessing = 0;
		};
/* End PBXSourcesBuildPhase section */

/* Begin PBXVariantGroup section */
		61A1726C1CD6A82B005CF9BF /* Main.storyboard */ = {
			isa = PBXVariantGroup;
			children = (
				61A1726D1CD6A82B005CF9BF /* Base */,
			);
			name = Main.storyboard;
			sourceTree = "<group>";
		};
		61A172711CD6A82B005CF9BF /* LaunchScreen.storyboard */ = {
			isa = PBXVariantGroup;
			children = (
				61A172721CD6A82B005CF9BF /* Base */,
			);
			name = LaunchScreen.storyboard;
			sourceTree = "<group>";
		};
/* End PBXVariantGroup section */

/* Begin XCBuildConfiguration section */
		61A172751CD6A82B005CF9BF /* Debug */ = {
			isa = XCBuildConfiguration;
			buildSettings = {
				ALWAYS_SEARCH_USER_PATHS = NO;
				CLANG_ANALYZER_NONNULL = YES;
				CLANG_CXX_LANGUAGE_STANDARD = "gnu++0x";
				CLANG_CXX_LIBRARY = "libc++";
				CLANG_ENABLE_MODULES = YES;
				CLANG_ENABLE_OBJC_ARC = YES;
				CLANG_WARN_BOOL_CONVERSION = YES;
				CLANG_WARN_CONSTANT_CONVERSION = YES;
				CLANG_WARN_DIRECT_OBJC_ISA_USAGE = YES_ERROR;
				CLANG_WARN_EMPTY_BODY = YES;
				CLANG_WARN_ENUM_CONVERSION = YES;
				CLANG_WARN_INT_CONVERSION = YES;
				CLANG_WARN_OBJC_ROOT_CLASS = YES_ERROR;
				CLANG_WARN_UNREACHABLE_CODE = YES;
				CLANG_WARN__DUPLICATE_METHOD_MATCH = YES;
				"CODE_SIGN_IDENTITY[sdk=iphoneos*]" = "iPhone Developer";
				COPY_PHASE_STRIP = NO;
				DEBUG_INFORMATION_FORMAT = dwarf;
				ENABLE_STRICT_OBJC_MSGSEND = YES;
				ENABLE_TESTABILITY = YES;
				GCC_C_LANGUAGE_STANDARD = gnu99;
				GCC_DYNAMIC_NO_PIC = NO;
				GCC_NO_COMMON_BLOCKS = YES;
				GCC_OPTIMIZATION_LEVEL = 0;
				GCC_PREPROCESSOR_DEFINITIONS = (
					"DEBUG=1",
					"$(inherited)",
				);
				GCC_WARN_64_TO_32_BIT_CONVERSION = YES;
				GCC_WARN_ABOUT_RETURN_TYPE = YES_ERROR;
				GCC_WARN_UNDECLARED_SELECTOR = YES;
				GCC_WARN_UNINITIALIZED_AUTOS = YES_AGGRESSIVE;
				GCC_WARN_UNUSED_FUNCTION = YES;
				GCC_WARN_UNUSED_VARIABLE = YES;
				IPHONEOS_DEPLOYMENT_TARGET = 9.3;
				MTL_ENABLE_DEBUG_INFO = YES;
				ONLY_ACTIVE_ARCH = YES;
				SDKROOT = iphoneos;
				SWIFT_OPTIMIZATION_LEVEL = "-Onone";
			};
			name = Debug;
		};
		61A172761CD6A82B005CF9BF /* Release */ = {
			isa = XCBuildConfiguration;
			buildSettings = {
				ALWAYS_SEARCH_USER_PATHS = NO;
				CLANG_ANALYZER_NONNULL = YES;
				CLANG_CXX_LANGUAGE_STANDARD = "gnu++0x";
				CLANG_CXX_LIBRARY = "libc++";
				CLANG_ENABLE_MODULES = YES;
				CLANG_ENABLE_OBJC_ARC = YES;
				CLANG_WARN_BOOL_CONVERSION = YES;
				CLANG_WARN_CONSTANT_CONVERSION = YES;
				CLANG_WARN_DIRECT_OBJC_ISA_USAGE = YES_ERROR;
				CLANG_WARN_EMPTY_BODY = YES;
				CLANG_WARN_ENUM_CONVERSION = YES;
				CLANG_WARN_INT_CONVERSION = YES;
				CLANG_WARN_OBJC_ROOT_CLASS = YES_ERROR;
				CLANG_WARN_UNREACHABLE_CODE = YES;
				CLANG_WARN__DUPLICATE_METHOD_MATCH = YES;
				"CODE_SIGN_IDENTITY[sdk=iphoneos*]" = "iPhone Developer";
				COPY_PHASE_STRIP = NO;
				DEBUG_INFORMATION_FORMAT = "dwarf-with-dsym";
				ENABLE_NS_ASSERTIONS = NO;
				ENABLE_STRICT_OBJC_MSGSEND = YES;
				GCC_C_LANGUAGE_STANDARD = gnu99;
				GCC_NO_COMMON_BLOCKS = YES;
				GCC_WARN_64_TO_32_BIT_CONVERSION = YES;
				GCC_WARN_ABOUT_RETURN_TYPE = YES_ERROR;
				GCC_WARN_UNDECLARED_SELECTOR = YES;
				GCC_WARN_UNINITIALIZED_AUTOS = YES_AGGRESSIVE;
				GCC_WARN_UNUSED_FUNCTION = YES;
				GCC_WARN_UNUSED_VARIABLE = YES;
				IPHONEOS_DEPLOYMENT_TARGET = 9.3;
				MTL_ENABLE_DEBUG_INFO = NO;
				SDKROOT = iphoneos;
				VALIDATE_PRODUCT = YES;
			};
			name = Release;
		};
		61A172781CD6A82B005CF9BF /* Debug */ = {
			isa = XCBuildConfiguration;
			buildSettings = {
				ASSETCATALOG_COMPILER_APPICON_NAME = AppIcon;
				INFOPLIST_FILE = Coperando/Info.plist;
				LD_RUNPATH_SEARCH_PATHS = "$(inherited) @executable_path/Frameworks";
				PRODUCT_BUNDLE_IDENTIFIER = mx.buap.cs.ilab.Coperando;
				PRODUCT_NAME = "$(TARGET_NAME)";
			};
			name = Debug;
		};
		61A172791CD6A82B005CF9BF /* Release */ = {
			isa = XCBuildConfiguration;
			buildSettings = {
				ASSETCATALOG_COMPILER_APPICON_NAME = AppIcon;
				INFOPLIST_FILE = Coperando/Info.plist;
				LD_RUNPATH_SEARCH_PATHS = "$(inherited) @executable_path/Frameworks";
				PRODUCT_BUNDLE_IDENTIFIER = mx.buap.cs.ilab.Coperando;
				PRODUCT_NAME = "$(TARGET_NAME)";
			};
			name = Release;
		};
/* End XCBuildConfiguration section */

/* Begin XCConfigurationList section */
		61A172601CD6A82B005CF9BF /* Build configuration list for PBXProject "Coperando" */ = {
			isa = XCConfigurationList;
			buildConfigurations = (
				61A172751CD6A82B005CF9BF /* Debug */,
				61A172761CD6A82B005CF9BF /* Release */,
			);
			defaultConfigurationIsVisible = 0;
			defaultConfigurationName = Release;
		};
		61A172771CD6A82B005CF9BF /* Build configuration list for PBXNativeTarget "Coperando" */ = {
			isa = XCConfigurationList;
			buildConfigurations = (
				61A172781CD6A82B005CF9BF /* Debug */,
				61A172791CD6A82B005CF9BF /* Release */,
			);
			defaultConfigurationIsVisible = 0;
		};
/* End XCConfigurationList section */
	};
	rootObject = 61A1725D1CD6A82B005CF9BF /* Project object */;
}
